
Microsoft Visual Studio Solution File, Format Version 12.00
# Visual Studio Version 16
VisualStudioVersion = 16.0.31605.320
MinimumVisualStudioVersion = 10.0.40219.1
Project("{FAE04EC0-301F-11D3-BF4B-00C04F79EFBC}") = "CS-MyAdmin", "CS-MyAdmin\CS-MyAdmin.csproj", "{D2BAC3AB-6AD6-451E-AC92-41A8089CE7B9}"
EndProject
Global
	GlobalSection(SolutionConfigurationPlatforms) = preSolution
		Debug|Any CPU = Debug|Any CPU
		Release|Any CPU = Release|Any CPU
	EndGlobalSection
	GlobalSection(ProjectConfigurationPlatforms) = postSolution
		{D2BAC3AB-6AD6-451E-AC92-41A8089CE7B9}.Debug|Any CPU.ActiveCfg = Debug|Any CPU
		{D2BAC3AB-6AD6-451E-AC92-41A8089CE7B9}.Debug|Any CPU.Build.0 = Debug|Any CPU
		{D2BAC3AB-6AD6-451E-AC92-41A8089CE7B9}.Release|Any CPU.ActiveCfg = Release|Any CPU
		{D2BAC3AB-6AD6-451E-AC92-41A8089CE7B9}.Release|Any CPU.Build.0 = Release|Any CPU
	EndGlobalSection
	GlobalSection(SolutionProperties) = preSolution
		HideSolutionNode = FALSE
	EndGlobalSection
	GlobalSection(ExtensibilityGlobals) = postSolution
		SolutionGuid = {175D0F35-147B-45AC-82DF-82AE1AE6C336}
	EndGlobalSection
EndGlobal
